// !$*UTF8*$!
{
	archiveVersion = 1;
	classes = {
	};
	objectVersion = 46;
	objects = {

/* Begin PBXBuildFile section */
		67C04C9748FBF51BC3DA8EF6 /* Pods_DevslopeSocial.framework in Frameworks */ = {isa = PBXBuildFile; fileRef = 8B779263E3C94A8D64A0E064 /* Pods_DevslopeSocial.framework */; };
		B0F590A01DDF8EE700AA5E40 /* AppDelegate.swift in Sources */ = {isa = PBXBuildFile; fileRef = B0F5909F1DDF8EE700AA5E40 /* AppDelegate.swift */; };
		B0F590A21DDF8EE700AA5E40 /* SighInVC.swift in Sources */ = {isa = PBXBuildFile; fileRef = B0F590A11DDF8EE700AA5E40 /* SighInVC.swift */; };
		B0F590A51DDF8EE700AA5E40 /* Main.storyboard in Resources */ = {isa = PBXBuildFile; fileRef = B0F590A31DDF8EE700AA5E40 /* Main.storyboard */; };
		B0F590A71DDF8EE700AA5E40 /* Assets.xcassets in Resources */ = {isa = PBXBuildFile; fileRef = B0F590A61DDF8EE700AA5E40 /* Assets.xcassets */; };
		B0F590AA1DDF8EE700AA5E40 /* LaunchScreen.storyboard in Resources */ = {isa = PBXBuildFile; fileRef = B0F590A81DDF8EE700AA5E40 /* LaunchScreen.storyboard */; };
		B0F590B21DDF8F3D00AA5E40 /* GoogleService-Info.plist in Resources */ = {isa = PBXBuildFile; fileRef = B0F590B11DDF8F3D00AA5E40 /* GoogleService-Info.plist */; };
/* End PBXBuildFile section */

/* Begin PBXFileReference section */
		50A8BA1AE76FE7C2711BAAFA /* Pods-DevslopeSocial.release.xcconfig */ = {isa = PBXFileReference; includeInIndex = 1; lastKnownFileType = text.xcconfig; name = "Pods-DevslopeSocial.release.xcconfig"; path = "Pods/Target Support Files/Pods-DevslopeSocial/Pods-DevslopeSocial.release.xcconfig"; sourceTree = "<group>"; };
		7B28698A613F9899E0399BF0 /* Pods-DevslopeSocial.debug.xcconfig */ = {isa = PBXFileReference; includeInIndex = 1; lastKnownFileType = text.xcconfig; name = "Pods-DevslopeSocial.debug.xcconfig"; path = "Pods/Target Support Files/Pods-DevslopeSocial/Pods-DevslopeSocial.debug.xcconfig"; sourceTree = "<group>"; };
		8B779263E3C94A8D64A0E064 /* Pods_DevslopeSocial.framework */ = {isa = PBXFileReference; explicitFileType = wrapper.framework; includeInIndex = 0; path = Pods_DevslopeSocial.framework; sourceTree = BUILT_PRODUCTS_DIR; };
		B0F5909C1DDF8EE700AA5E40 /* DevslopeSocial.app */ = {isa = PBXFileReference; explicitFileType = wrapper.application; includeInIndex = 0; path = DevslopeSocial.app; sourceTree = BUILT_PRODUCTS_DIR; };
		B0F5909F1DDF8EE700AA5E40 /* AppDelegate.swift */ = {isa = PBXFileReference; lastKnownFileType = sourcecode.swift; path = AppDelegate.swift; sourceTree = "<group>"; };
		B0F590A11DDF8EE700AA5E40 /* SighInVC.swift */ = {isa = PBXFileReference; lastKnownFileType = sourcecode.swift; path = SighInVC.swift; sourceTree = "<group>"; };
		B0F590A41DDF8EE700AA5E40 /* Base */ = {isa = PBXFileReference; lastKnownFileType = file.storyboard; name = Base; path = Base.lproj/Main.storyboard; sourceTree = "<group>"; };
		B0F590A61DDF8EE700AA5E40 /* Assets.xcassets */ = {isa = PBXFileReference; lastKnownFileType = folder.assetcatalog; path = Assets.xcassets; sourceTree = "<group>"; };
		B0F590A91DDF8EE700AA5E40 /* Base */ = {isa = PBXFileReference; lastKnownFileType = file.storyboard; name = Base; path = Base.lproj/LaunchScreen.storyboard; sourceTree = "<group>"; };
		B0F590AB1DDF8EE700AA5E40 /* Info.plist */ = {isa = PBXFileReference; lastKnownFileType = text.plist.xml; path = Info.plist; sourceTree = "<group>"; };
		B0F590B11DDF8F3D00AA5E40 /* GoogleService-Info.plist */ = {isa = PBXFileReference; fileEncoding = 4; lastKnownFileType = text.plist.xml; path = "GoogleService-Info.plist"; sourceTree = "<group>"; };
/* End PBXFileReference section */

/* Begin PBXFrameworksBuildPhase section */
		B0F590991DDF8EE700AA5E40 /* Frameworks */ = {
			isa = PBXFrameworksBuildPhase;
			buildActionMask = 2147483647;
			files = (
				67C04C9748FBF51BC3DA8EF6 /* Pods_DevslopeSocial.framework in Frameworks */,
			);
			runOnlyForDeploymentPostprocessing = 0;
		};
/* End PBXFrameworksBuildPhase section */

/* Begin PBXGroup section */
		8A8559AE45E56886CB76D5B0 /* Frameworks */ = {
			isa = PBXGroup;
			children = (
				8B779263E3C94A8D64A0E064 /* Pods_DevslopeSocial.framework */,
			);
			name = Frameworks;
			sourceTree = "<group>";
		};
		A3049365927F64D87041F53E /* Pods */ = {
			isa = PBXGroup;
			children = (
				7B28698A613F9899E0399BF0 /* Pods-DevslopeSocial.debug.xcconfig */,
				50A8BA1AE76FE7C2711BAAFA /* Pods-DevslopeSocial.release.xcconfig */,
			);
			name = Pods;
			sourceTree = "<group>";
		};
		B0F590931DDF8EE700AA5E40 = {
			isa = PBXGroup;
			children = (
				B0F5909E1DDF8EE700AA5E40 /* DevslopeSocial */,
				B0F5909D1DDF8EE700AA5E40 /* Products */,
				A3049365927F64D87041F53E /* Pods */,
				8A8559AE45E56886CB76D5B0 /* Frameworks */,
			);
			sourceTree = "<group>";
		};
		B0F5909D1DDF8EE700AA5E40 /* Products */ = {
			isa = PBXGroup;
			children = (
				B0F5909C1DDF8EE700AA5E40 /* DevslopeSocial.app */,
			);
			name = Products;
			sourceTree = "<group>";
		};
		B0F5909E1DDF8EE700AA5E40 /* DevslopeSocial */ = {
			isa = PBXGroup;
			children = (
				B0F590B61DDF926800AA5E40 /* Resources */,
				B0F590B51DDF925200AA5E40 /* Controller */,
				B0F590B41DDF924D00AA5E40 /* View */,
				B0F590B31DDF924800AA5E40 /* Model */,
				B0F5909F1DDF8EE700AA5E40 /* AppDelegate.swift */,
			);
			path = DevslopeSocial;
			sourceTree = "<group>";
		};
		B0F590B31DDF924800AA5E40 /* Model */ = {
			isa = PBXGroup;
			children = (
			);
			name = Model;
			sourceTree = "<group>";
		};
		B0F590B41DDF924D00AA5E40 /* View */ = {
			isa = PBXGroup;
			children = (
				B0F590A81DDF8EE700AA5E40 /* LaunchScreen.storyboard */,
				B0F590A31DDF8EE700AA5E40 /* Main.storyboard */,
			);
			name = View;
			sourceTree = "<group>";
		};
		B0F590B51DDF925200AA5E40 /* Controller */ = {
			isa = PBXGroup;
			children = (
				B0F590A11DDF8EE700AA5E40 /* SighInVC.swift */,
			);
			name = Controller;
			sourceTree = "<group>";
		};
		B0F590B61DDF926800AA5E40 /* Resources */ = {
			isa = PBXGroup;
			children = (
				B0F590A61DDF8EE700AA5E40 /* Assets.xcassets */,
				B0F590B11DDF8F3D00AA5E40 /* GoogleService-Info.plist */,
				B0F590AB1DDF8EE700AA5E40 /* Info.plist */,
			);
			name = Resources;
			sourceTree = "<group>";
		};
/* End PBXGroup section */

/* Begin PBXNativeTarget section */
		B0F5909B1DDF8EE700AA5E40 /* DevslopeSocial */ = {
			isa = PBXNativeTarget;
			buildConfigurationList = B0F590AE1DDF8EE700AA5E40 /* Build configuration list for PBXNativeTarget "DevslopeSocial" */;
			buildPhases = (
				4FE003A3B8A8F8F42793E699 /* [CP] Check Pods Manifest.lock */,
				B0F590981DDF8EE700AA5E40 /* Sources */,
				B0F590991DDF8EE700AA5E40 /* Frameworks */,
				B0F5909A1DDF8EE700AA5E40 /* Resources */,
				41A887107A88F6E921F52572 /* [CP] Embed Pods Frameworks */,
				34CC980411DD7C8AA00C8413 /* [CP] Copy Pods Resources */,
			);
			buildRules = (
			);
			dependencies = (
			);
			name = DevslopeSocial;
			productName = DevslopeSocial;
			productReference = B0F5909C1DDF8EE700AA5E40 /* DevslopeSocial.app */;
			productType = "com.apple.product-type.application";
		};
/* End PBXNativeTarget section */

/* Begin PBXProject section */
		B0F590941DDF8EE700AA5E40 /* Project object */ = {
			isa = PBXProject;
			attributes = {
				LastSwiftUpdateCheck = 0810;
				LastUpgradeCheck = 0810;
				ORGANIZATIONNAME = "Jared Nielson";
				TargetAttributes = {
					B0F5909B1DDF8EE700AA5E40 = {
						CreatedOnToolsVersion = 8.1;
						DevelopmentTeam = 39F63AZV7W;
						ProvisioningStyle = Automatic;
					};
				};
			};
			buildConfigurationList = B0F590971DDF8EE700AA5E40 /* Build configuration list for PBXProject "DevslopeSocial" */;
			compatibilityVersion = "Xcode 3.2";
			developmentRegion = English;
			hasScannedForEncodings = 0;
			knownRegions = (
				en,
				Base,
			);
			mainGroup = B0F590931DDF8EE700AA5E40;
			productRefGroup = B0F5909D1DDF8EE700AA5E40 /* Products */;
			projectDirPath = "";
			projectRoot = "";
			targets = (
				B0F5909B1DDF8EE700AA5E40 /* DevslopeSocial */,
			);
		};
/* End PBXProject section */

/* Begin PBXResourcesBuildPhase section */
		B0F5909A1DDF8EE700AA5E40 /* Resources */ = {
			isa = PBXResourcesBuildPhase;
			buildActionMask = 2147483647;
			files = (
				B0F590AA1DDF8EE700AA5E40 /* LaunchScreen.storyboard in Resources */,
				B0F590B21DDF8F3D00AA5E40 /* GoogleService-Info.plist in Resources */,
				B0F590A71DDF8EE700AA5E40 /* Assets.xcassets in Resources */,
				B0F590A51DDF8EE700AA5E40 /* Main.storyboard in Resources */,
			);
			runOnlyForDeploymentPostprocessing = 0;
		};
/* End PBXResourcesBuildPhase section */

/* Begin PBXShellScriptBuildPhase section */
		34CC980411DD7C8AA00C8413 /* [CP] Copy Pods Resources */ = {
			isa = PBXShellScriptBuildPhase;
			buildActionMask = 2147483647;
			files = (
			);
			inputPaths = (
			);
			name = "[CP] Copy Pods Resources";
			outputPaths = (
			);
			runOnlyForDeploymentPostprocessing = 0;
			shellPath = /bin/sh;
			shellScript = "\"${SRCROOT}/Pods/Target Support Files/Pods-DevslopeSocial/Pods-DevslopeSocial-resources.sh\"\n";
			showEnvVarsInLog = 0;
		};
		41A887107A88F6E921F52572 /* [CP] Embed Pods Frameworks */ = {
			isa = PBXShellScriptBuildPhase;
			buildActionMask = 2147483647;
			files = (
			);
			inputPaths = (
			);
			name = "[CP] Embed Pods Frameworks";
			outputPaths = (
			);
			runOnlyForDeploymentPostprocessing = 0;
			shellPath = /bin/sh;
			shellScript = "\"${SRCROOT}/Pods/Target Support Files/Pods-DevslopeSocial/Pods-DevslopeSocial-frameworks.sh\"\n";
			showEnvVarsInLog = 0;
		};
		4FE003A3B8A8F8F42793E699 /* [CP] Check Pods Manifest.lock */ = {
			isa = PBXShellScriptBuildPhase;
			buildActionMask = 2147483647;
			files = (
			);
			inputPaths = (
			);
			name = "[CP] Check Pods Manifest.lock";
			outputPaths = (
			);
			runOnlyForDeploymentPostprocessing = 0;
			shellPath = /bin/sh;
			shellScript = "diff \"${PODS_ROOT}/../Podfile.lock\" \"${PODS_ROOT}/Manifest.lock\" > /dev/null\nif [[ $? != 0 ]] ; then\n    cat << EOM\nerror: The sandbox is not in sync with the Podfile.lock. Run 'pod install' or update your CocoaPods installation.\nEOM\n    exit 1\nfi\n";
			showEnvVarsInLog = 0;
		};
/* End PBXShellScriptBuildPhase section */

/* Begin PBXSourcesBuildPhase section */
		B0F590981DDF8EE700AA5E40 /* Sources */ = {
			isa = PBXSourcesBuildPhase;
			buildActionMask = 2147483647;
			files = (
				B0F590A21DDF8EE700AA5E40 /* SighInVC.swift in Sources */,
				B0F590A01DDF8EE700AA5E40 /* AppDelegate.swift in Sources */,
			);
			runOnlyForDeploymentPostprocessing = 0;
		};
/* End PBXSourcesBuildPhase section */

/* Begin PBXVariantGroup section */
		B0F590A31DDF8EE700AA5E40 /* Main.storyboard */ = {
			isa = PBXVariantGroup;
			children = (
				B0F590A41DDF8EE700AA5E40 /* Base */,
			);
			name = Main.storyboard;
			sourceTree = "<group>";
		};
		B0F590A81DDF8EE700AA5E40 /* LaunchScreen.storyboard */ = {
			isa = PBXVariantGroup;
			children = (
				B0F590A91DDF8EE700AA5E40 /* Base */,
			);
			name = LaunchScreen.storyboard;
			sourceTree = "<group>";
		};
/* End PBXVariantGroup section */

/* Begin XCBuildConfiguration section */
		B0F590AC1DDF8EE700AA5E40 /* Debug */ = {
			isa = XCBuildConfiguration;
			buildSettings = {
				ALWAYS_SEARCH_USER_PATHS = NO;
				CLANG_ANALYZER_NONNULL = YES;
				CLANG_CXX_LANGUAGE_STANDARD = "gnu++0x";
				CLANG_CXX_LIBRARY = "libc++";
				CLANG_ENABLE_MODULES = YES;
				CLANG_ENABLE_OBJC_ARC = YES;
				CLANG_WARN_BOOL_CONVERSION = YES;
				CLANG_WARN_CONSTANT_CONVERSION = YES;
				CLANG_WARN_DIRECT_OBJC_ISA_USAGE = YES_ERROR;
				CLANG_WARN_DOCUMENTATION_COMMENTS = YES;
				CLANG_WARN_EMPTY_BODY = YES;
				CLANG_WARN_ENUM_CONVERSION = YES;
				CLANG_WARN_INFINITE_RECURSION = YES;
				CLANG_WARN_INT_CONVERSION = YES;
				CLANG_WARN_OBJC_ROOT_CLASS = YES_ERROR;
				CLANG_WARN_SUSPICIOUS_MOVE = YES;
				CLANG_WARN_SUSPICIOUS_MOVES = YES;
				CLANG_WARN_UNREACHABLE_CODE = YES;
				CLANG_WARN__DUPLICATE_METHOD_MATCH = YES;
				"CODE_SIGN_IDENTITY[sdk=iphoneos*]" = "iPhone Developer";
				COPY_PHASE_STRIP = NO;
				DEBUG_INFORMATION_FORMAT = dwarf;
				ENABLE_STRICT_OBJC_MSGSEND = YES;
				ENABLE_TESTABILITY = YES;
				GCC_C_LANGUAGE_STANDARD = gnu99;
				GCC_DYNAMIC_NO_PIC = NO;
				GCC_NO_COMMON_BLOCKS = YES;
				GCC_OPTIMIZATION_LEVEL = 0;
				GCC_PREPROCESSOR_DEFINITIONS = (
					"DEBUG=1",
					"$(inherited)",
				);
				GCC_WARN_64_TO_32_BIT_CONVERSION = YES;
				GCC_WARN_ABOUT_RETURN_TYPE = YES_ERROR;
				GCC_WARN_UNDECLARED_SELECTOR = YES;
				GCC_WARN_UNINITIALIZED_AUTOS = YES_AGGRESSIVE;
				GCC_WARN_UNUSED_FUNCTION = YES;
				GCC_WARN_UNUSED_VARIABLE = YES;
				IPHONEOS_DEPLOYMENT_TARGET = 10.1;
				MTL_ENABLE_DEBUG_INFO = YES;
				ONLY_ACTIVE_ARCH = YES;
				SDKROOT = iphoneos;
				SWIFT_ACTIVE_COMPILATION_CONDITIONS = DEBUG;
				SWIFT_OPTIMIZATION_LEVEL = "-Onone";
			};
			name = Debug;
		};
		B0F590AD1DDF8EE700AA5E40 /* Release */ = {
			isa = XCBuildConfiguration;
			buildSettings = {
				ALWAYS_SEARCH_USER_PATHS = NO;
				CLANG_ANALYZER_NONNULL = YES;
				CLANG_CXX_LANGUAGE_STANDARD = "gnu++0x";
				CLANG_CXX_LIBRARY = "libc++";
				CLANG_ENABLE_MODULES = YES;
				CLANG_ENABLE_OBJC_ARC = YES;
				CLANG_WARN_BOOL_CONVERSION = YES;
				CLANG_WARN_CONSTANT_CONVERSION = YES;
				CLANG_WARN_DIRECT_OBJC_ISA_USAGE = YES_ERROR;
				CLANG_WARN_DOCUMENTATION_COMMENTS = YES;
				CLANG_WARN_EMPTY_BODY = YES;
				CLANG_WARN_ENUM_CONVERSION = YES;
				CLANG_WARN_INFINITE_RECURSION = YES;
				CLANG_WARN_INT_CONVERSION = YES;
				CLANG_WARN_OBJC_ROOT_CLASS = YES_ERROR;
				CLANG_WARN_SUSPICIOUS_MOVE = YES;
				CLANG_WARN_SUSPICIOUS_MOVES = YES;
				CLANG_WARN_UNREACHABLE_CODE = YES;
				CLANG_WARN__DUPLICATE_METHOD_MATCH = YES;
				"CODE_SIGN_IDENTITY[sdk=iphoneos*]" = "iPhone Developer";
				COPY_PHASE_STRIP = NO;
				DEBUG_INFORMATION_FORMAT = "dwarf-with-dsym";
				ENABLE_NS_ASSERTIONS = NO;
				ENABLE_STRICT_OBJC_MSGSEND = YES;
				GCC_C_LANGUAGE_STANDARD = gnu99;
				GCC_NO_COMMON_BLOCKS = YES;
				GCC_WARN_64_TO_32_BIT_CONVERSION = YES;
				GCC_WARN_ABOUT_RETURN_TYPE = YES_ERROR;
				GCC_WARN_UNDECLARED_SELECTOR = YES;
				GCC_WARN_UNINITIALIZED_AUTOS = YES_AGGRESSIVE;
				GCC_WARN_UNUSED_FUNCTION = YES;
				GCC_WARN_UNUSED_VARIABLE = YES;
				IPHONEOS_DEPLOYMENT_TARGET = 10.1;
				MTL_ENABLE_DEBUG_INFO = NO;
				SDKROOT = iphoneos;
				SWIFT_OPTIMIZATION_LEVEL = "-Owholemodule";
				VALIDATE_PRODUCT = YES;
			};
			name = Release;
		};
		B0F590AF1DDF8EE700AA5E40 /* Debug */ = {
			isa = XCBuildConfiguration;
			baseConfigurationReference = 7B28698A613F9899E0399BF0 /* Pods-DevslopeSocial.debug.xcconfig */;
			buildSettings = {
				ASSETCATALOG_COMPILER_APPICON_NAME = AppIcon;
				DEVELOPMENT_TEAM = 39F63AZV7W;
				INFOPLIST_FILE = DevslopeSocial/Info.plist;
				LD_RUNPATH_SEARCH_PATHS = "$(inherited) @executable_path/Frameworks";
				PRODUCT_BUNDLE_IDENTIFIER = com.jnielson.DevslopeSocial;
				PRODUCT_NAME = "$(TARGET_NAME)";
				SWIFT_VERSION = 3.0;
			};
			name = Debug;
		};
		B0F590B01DDF8EE700AA5E40 /* Release */ = {
			isa = XCBuildConfiguration;
			baseConfigurationReference = 50A8BA1AE76FE7C2711BAAFA /* Pods-DevslopeSocial.release.xcconfig */;
			buildSettings = {
				ASSETCATALOG_COMPILER_APPICON_NAME = AppIcon;
				DEVELOPMENT_TEAM = 39F63AZV7W;
				INFOPLIST_FILE = DevslopeSocial/Info.plist;
				LD_RUNPATH_SEARCH_PATHS = "$(inherited) @executable_path/Frameworks";
				PRODUCT_BUNDLE_IDENTIFIER = com.jnielson.DevslopeSocial;
				PRODUCT_NAME = "$(TARGET_NAME)";
				SWIFT_VERSION = 3.0;
			};
			name = Release;
		};
/* End XCBuildConfiguration section */

/* Begin XCConfigurationList section */
		B0F590971DDF8EE700AA5E40 /* Build configuration list for PBXProject "DevslopeSocial" */ = {
			isa = XCConfigurationList;
			buildConfigurations = (
				B0F590AC1DDF8EE700AA5E40 /* Debug */,
				B0F590AD1DDF8EE700AA5E40 /* Release */,
			);
			defaultConfigurationIsVisible = 0;
			defaultConfigurationName = Release;
		};
		B0F590AE1DDF8EE700AA5E40 /* Build configuration list for PBXNativeTarget "DevslopeSocial" */ = {
			isa = XCConfigurationList;
			buildConfigurations = (
				B0F590AF1DDF8EE700AA5E40 /* Debug */,
				B0F590B01DDF8EE700AA5E40 /* Release */,
			);
			defaultConfigurationIsVisible = 0;
			defaultConfigurationName = Release;
		};
/* End XCConfigurationList section */
	};
	rootObject = B0F590941DDF8EE700AA5E40 /* Project object */;
}
